
Microsoft Visual Studio Solution File, Format Version 11.00
# Visual C# Express 2010
Project("{FAE04EC0-301F-11D3-BF4B-00C04F79EFBC}") = "UnityPlugin_BepInEx_RHA", "UnityPlugin_BepInEx_RHA.csproj", "{E789542F-DE89-4ED2-8026-423017377093}"
EndProject
Global
	GlobalSection(SolutionConfigurationPlatforms) = preSolution
		Debug|Any CPU = Debug|Any CPU
		Release|Any CPU = Release|Any CPU
	EndGlobalSection
	GlobalSection(ProjectConfigurationPlatforms) = postSolution
		{E789542F-DE89-4ED2-8026-423017377093}.Debug|Any CPU.ActiveCfg = Release|Any CPU
		{E789542F-DE89-4ED2-8026-423017377093}.Debug|Any CPU.Build.0 = Release|Any CPU
		{E789542F-DE89-4ED2-8026-423017377093}.Release|Any CPU.ActiveCfg = Release|Any CPU
		{E789542F-DE89-4ED2-8026-423017377093}.Release|Any CPU.Build.0 = Release|Any CPU
	EndGlobalSection
	GlobalSection(SolutionProperties) = preSolution
		HideSolutionNode = FALSE
	EndGlobalSection
EndGlobal
