
Microsoft Visual Studio Solution File, Format Version 11.00
# Visual C# Express 2010
Project("{FAE04EC0-301F-11D3-BF4B-00C04F79EFBC}") = "UnityPlugin_BepInEx_TRA", "UnityPlugin_BepInEx_TRA.csproj", "{76E588AE-0F09-42AE-9D6B-F738780916A5}"
EndProject
Global
	GlobalSection(SolutionConfigurationPlatforms) = preSolution
		Debug|Any CPU = Debug|Any CPU
		Release|Any CPU = Release|Any CPU
	EndGlobalSection
	GlobalSection(ProjectConfigurationPlatforms) = postSolution
		{76E588AE-0F09-42AE-9D6B-F738780916A5}.Debug|Any CPU.ActiveCfg = Debug|Any CPU
		{76E588AE-0F09-42AE-9D6B-F738780916A5}.Debug|Any CPU.Build.0 = Debug|Any CPU
		{76E588AE-0F09-42AE-9D6B-F738780916A5}.Release|Any CPU.ActiveCfg = Release|Any CPU
		{76E588AE-0F09-42AE-9D6B-F738780916A5}.Release|Any CPU.Build.0 = Release|Any CPU
	EndGlobalSection
	GlobalSection(SolutionProperties) = preSolution
		HideSolutionNode = FALSE
	EndGlobalSection
EndGlobal
